
Microsoft Visual Studio Solution File, Format Version 12.00
# Visual Studio Version 17
VisualStudioVersion = 17.9.34622.214
MinimumVisualStudioVersion = 10.0.40219.1
Project("{FAE04EC0-301F-11D3-BF4B-00C04F79EFBC}") = "Invertir numero de tres cifras", "Invertir numero de tres cifras\Invertir numero de tres cifras.csproj", "{7FFD779F-1626-4346-AAA5-2CA91A53F977}"
EndProject
Global
	GlobalSection(SolutionConfigurationPlatforms) = preSolution
		Debug|Any CPU = Debug|Any CPU
		Release|Any CPU = Release|Any CPU
	EndGlobalSection
	GlobalSection(ProjectConfigurationPlatforms) = postSolution
		{7FFD779F-1626-4346-AAA5-2CA91A53F977}.Debug|Any CPU.ActiveCfg = Debug|Any CPU
		{7FFD779F-1626-4346-AAA5-2CA91A53F977}.Debug|Any CPU.Build.0 = Debug|Any CPU
		{7FFD779F-1626-4346-AAA5-2CA91A53F977}.Release|Any CPU.ActiveCfg = Release|Any CPU
		{7FFD779F-1626-4346-AAA5-2CA91A53F977}.Release|Any CPU.Build.0 = Release|Any CPU
	EndGlobalSection
	GlobalSection(SolutionProperties) = preSolution
		HideSolutionNode = FALSE
	EndGlobalSection
	GlobalSection(ExtensibilityGlobals) = postSolution
		SolutionGuid = {16440082-0F89-4CCF-A1BA-B45A97C5105F}
	EndGlobalSection
EndGlobal
